
Microsoft Visual Studio Solution File, Format Version 12.00
# Visual Studio 14
VisualStudioVersion = 14.0.25420.1
MinimumVisualStudioVersion = 10.0.40219.1
Project("{FAE04EC0-301F-11D3-BF4B-00C04F79EFBC}") = "TwArImg_ProtoType", "TwArImg_ProtoType\TwArImg_ProtoType.csproj", "{4F6A29C0-5F3B-4857-8D5E-263F98B0DD8A}"
EndProject
Project("{FAE04EC0-301F-11D3-BF4B-00C04F79EFBC}") = "TwArImg_GUI", "TwArImg_GUI\TwArImg_GUI.csproj", "{31A4AD6D-2041-413C-8610-A27A30FD1D39}"
EndProject
Global
	GlobalSection(SolutionConfigurationPlatforms) = preSolution
		Debug|Any CPU = Debug|Any CPU
		Release|Any CPU = Release|Any CPU
	EndGlobalSection
	GlobalSection(ProjectConfigurationPlatforms) = postSolution
		{4F6A29C0-5F3B-4857-8D5E-263F98B0DD8A}.Debug|Any CPU.ActiveCfg = Debug|Any CPU
		{4F6A29C0-5F3B-4857-8D5E-263F98B0DD8A}.Debug|Any CPU.Build.0 = Debug|Any CPU
		{4F6A29C0-5F3B-4857-8D5E-263F98B0DD8A}.Release|Any CPU.ActiveCfg = Release|Any CPU
		{4F6A29C0-5F3B-4857-8D5E-263F98B0DD8A}.Release|Any CPU.Build.0 = Release|Any CPU
		{31A4AD6D-2041-413C-8610-A27A30FD1D39}.Debug|Any CPU.ActiveCfg = Debug|Any CPU
		{31A4AD6D-2041-413C-8610-A27A30FD1D39}.Debug|Any CPU.Build.0 = Debug|Any CPU
		{31A4AD6D-2041-413C-8610-A27A30FD1D39}.Release|Any CPU.ActiveCfg = Release|Any CPU
		{31A4AD6D-2041-413C-8610-A27A30FD1D39}.Release|Any CPU.Build.0 = Release|Any CPU
	EndGlobalSection
	GlobalSection(SolutionProperties) = preSolution
		HideSolutionNode = FALSE
	EndGlobalSection
EndGlobal
